{
  "originHash" : "a96dafb2e7d53366ce2f3df5a7927e7db6dfe98b5ed031f3bcd8469fba8ac1c3",
  "pins" : [
    {
      "identity" : "lottie-ios",
      "kind" : "remoteSourceControl",
      "location" : "https://github.com/airbnb/lottie-ios.git",
      "state" : {
        "revision" : "f4db77d7feacba0c2360b84a40c38a6ce8ff399d",
        "version" : "4.6.1"
      }
    },
    {
      "identity" : "posthog-ios",
      "kind" : "remoteSourceControl",
      "location" : "https://github.com/PostHog/posthog-ios.git",
      "state" : {
        "revision" : "cf56a54a4316616a17a538fb96bd8239b6dd0105",
        "version" : "3.70.1"
      }
    },
    {
      "identity" : "purchases-ios-spm",
      "kind" : "remoteSourceControl",
      "location" : "https://github.com/RevenueCat/purchases-ios-spm.git",
      "state" : {
        "revision" : "5d24ed423830598cf28e3f69d9392464c4c023c5",
        "version" : "5.83.2"
      }
    }
  ],
  "version" : 3
}
