// !$*UTF8*$!
{
	archiveVersion = 1;
	classes = {
	};
	objectVersion = 77;
	objects = {

/* Begin PBXBuildFile section */
		18A12CB6E79D8EBE26B82618 /* MLXLLM in Frameworks */ = {isa = PBXBuildFile; productRef = 6714F52D1618CBB4DFFF9BB1 /* MLXLLM */; };
		21DCC2181839CD994036E35C /* RevenueCatUI in Frameworks */ = {isa = PBXBuildFile; productRef = 19EE39390C500A69431EBC30 /* RevenueCatUI */; };
		7B7D390B64588ACDCF50AE26 /* RevenueCat in Frameworks */ = {isa = PBXBuildFile; productRef = 0A32FDDC7017E56EDD5653CD /* RevenueCat */; };
		BE3DEE93D8AA07C049563AB2 /* MLXLMCommon in Frameworks */ = {isa = PBXBuildFile; productRef = FBDAE7CDB97D8D69D34F4285 /* MLXLMCommon */; };
		C9A4756F90D3FAA7DF176DA5 /* Lottie in Frameworks */ = {isa = PBXBuildFile; productRef = 378D96DFB6B72F152DA61DD7 /* Lottie */; };
		C9EE63236D0EE3DDB0175B2F /* HuggingFace in Frameworks */ = {isa = PBXBuildFile; productRef = F4B9B9D464255A3A34A74696 /* HuggingFace */; };
		F7462400C7C85D30A540E5BE /* Tokenizers in Frameworks */ = {isa = PBXBuildFile; productRef = 50DCD78BC0A945C5E4F54D34 /* Tokenizers */; };
		D58111500000000000000001 /* PostHog in Frameworks */ = {isa = PBXBuildFile; productRef = D58111500000000000000002 /* PostHog */; };
		FEE1DA00000000000000000B /* FeelGoodWidget.appex in Embed Foundation Extensions */ = {isa = PBXBuildFile; fileRef = FEE1DA000000000000000002 /* FeelGoodWidget.appex */; settings = {ATTRIBUTES = (RemoveHeadersOnCopy, ); }; };
/* End PBXBuildFile section */

/* Begin PBXContainerItemProxy section */
		43A871D63033C6D600DD35A1 /* PBXContainerItemProxy */ = {
			isa = PBXContainerItemProxy;
			containerPortal = 43A871BC3033C6D300DD35A1 /* Project object */;
			proxyType = 1;
			remoteGlobalIDString = 43A871C33033C6D300DD35A1;
			remoteInfo = FeelGood;
		};
		43A871E03033C6D600DD35A1 /* PBXContainerItemProxy */ = {
			isa = PBXContainerItemProxy;
			containerPortal = 43A871BC3033C6D300DD35A1 /* Project object */;
			proxyType = 1;
			remoteGlobalIDString = 43A871C33033C6D300DD35A1;
			remoteInfo = FeelGood;
		};
		FEE1DA00000000000000000D /* PBXContainerItemProxy */ = {
			isa = PBXContainerItemProxy;
			containerPortal = 43A871BC3033C6D300DD35A1 /* Project object */;
			proxyType = 1;
			remoteGlobalIDString = FEE1DA000000000000000001;
			remoteInfo = FeelGoodWidget;
		};
/* End PBXContainerItemProxy section */

/* Begin PBXCopyFilesBuildPhase section */
		FEE1DA00000000000000000A /* Embed Foundation Extensions */ = {
			isa = PBXCopyFilesBuildPhase;
			buildActionMask = 2147483647;
			dstPath = "";
			dstSubfolderSpec = 13;
			files = (
				FEE1DA00000000000000000B /* FeelGoodWidget.appex in Embed Foundation Extensions */,
			);
			name = "Embed Foundation Extensions";
			runOnlyForDeploymentPostprocessing = 0;
		};
/* End PBXCopyFilesBuildPhase section */

/* Begin PBXFileReference section */
		43A871C43033C6D300DD35A1 /* FeelGood.app */ = {isa = PBXFileReference; explicitFileType = wrapper.application; includeInIndex = 0; path = FeelGood.app; sourceTree = BUILT_PRODUCTS_DIR; };
		43A871D53033C6D600DD35A1 /* FeelGoodTests.xctest */ = {isa = PBXFileReference; explicitFileType = wrapper.cfbundle; includeInIndex = 0; path = FeelGoodTests.xctest; sourceTree = BUILT_PRODUCTS_DIR; };
		43A871DF3033C6D600DD35A1 /* FeelGoodUITests.xctest */ = {isa = PBXFileReference; explicitFileType = wrapper.cfbundle; includeInIndex = 0; path = FeelGoodUITests.xctest; sourceTree = BUILT_PRODUCTS_DIR; };
		FEE1DA000000000000000002 /* FeelGoodWidget.appex */ = {isa = PBXFileReference; explicitFileType = "wrapper.app-extension"; includeInIndex = 0; path = FeelGoodWidget.appex; sourceTree = BUILT_PRODUCTS_DIR; };
/* End PBXFileReference section */

/* Begin PBXFileSystemSynchronizedBuildFileExceptionSet section */
		43A871E73033C6D600DD35A1 /* Exceptions for "FeelGood" folder in "FeelGood" target */ = {
			isa = PBXFileSystemSynchronizedBuildFileExceptionSet;
			membershipExceptions = (
				Info.plist,
			);
			target = 43A871C33033C6D300DD35A1 /* FeelGood */;
		};
		FEE1DA00000000000000000E /* Exceptions for "FeelGoodWidget" folder in "FeelGoodWidget" target */ = {
			isa = PBXFileSystemSynchronizedBuildFileExceptionSet;
			membershipExceptions = (
				Info.plist,
			);
			target = FEE1DA000000000000000001 /* FeelGoodWidget */;
		};
/* End PBXFileSystemSynchronizedBuildFileExceptionSet section */

/* Begin PBXFileSystemSynchronizedRootGroup section */
		43A871C63033C6D300DD35A1 /* FeelGood */ = {
			isa = PBXFileSystemSynchronizedRootGroup;
			exceptions = (
				43A871E73033C6D600DD35A1 /* Exceptions for "FeelGood" folder in "FeelGood" target */,
			);
			path = FeelGood;
			sourceTree = "<group>";
		};
		43A871D83033C6D600DD35A1 /* FeelGoodTests */ = {
			isa = PBXFileSystemSynchronizedRootGroup;
			path = FeelGoodTests;
			sourceTree = "<group>";
		};
		43A871E23033C6D600DD35A1 /* FeelGoodUITests */ = {
			isa = PBXFileSystemSynchronizedRootGroup;
			path = FeelGoodUITests;
			sourceTree = "<group>";
		};
		FEE1DA000000000000000003 /* FeelGoodWidget */ = {
			isa = PBXFileSystemSynchronizedRootGroup;
			exceptions = (
				FEE1DA00000000000000000E /* Exceptions for "FeelGoodWidget" folder in "FeelGoodWidget" target */,
			);
			path = FeelGoodWidget;
			sourceTree = "<group>";
		};
		FEE1DA00000000000000000F /* FeelGoodShared */ = {
			isa = PBXFileSystemSynchronizedRootGroup;
			path = FeelGoodShared;
			sourceTree = "<group>";
		};
/* End PBXFileSystemSynchronizedRootGroup section */

/* Begin PBXFrameworksBuildPhase section */
		43A871C13033C6D300DD35A1 /* Frameworks */ = {
			isa = PBXFrameworksBuildPhase;
			buildActionMask = 2147483647;
			files = (
				7B7D390B64588ACDCF50AE26 /* RevenueCat in Frameworks */,
				21DCC2181839CD994036E35C /* RevenueCatUI in Frameworks */,
				C9A4756F90D3FAA7DF176DA5 /* Lottie in Frameworks */,
				18A12CB6E79D8EBE26B82618 /* MLXLLM in Frameworks */,
				BE3DEE93D8AA07C049563AB2 /* MLXLMCommon in Frameworks */,
				C9EE63236D0EE3DDB0175B2F /* HuggingFace in Frameworks */,
				F7462400C7C85D30A540E5BE /* Tokenizers in Frameworks */,
				D58111500000000000000001 /* PostHog in Frameworks */,
			);
			runOnlyForDeploymentPostprocessing = 0;
		};
		43A871D23033C6D600DD35A1 /* Frameworks */ = {
			isa = PBXFrameworksBuildPhase;
			buildActionMask = 2147483647;
			files = (
			);
			runOnlyForDeploymentPostprocessing = 0;
		};
		43A871DC3033C6D600DD35A1 /* Frameworks */ = {
			isa = PBXFrameworksBuildPhase;
			buildActionMask = 2147483647;
			files = (
			);
			runOnlyForDeploymentPostprocessing = 0;
		};
		FEE1DA000000000000000005 /* Frameworks */ = {
			isa = PBXFrameworksBuildPhase;
			buildActionMask = 2147483647;
			files = (
			);
			runOnlyForDeploymentPostprocessing = 0;
		};
/* End PBXFrameworksBuildPhase section */

/* Begin PBXGroup section */
		43A871BB3033C6D300DD35A1 = {
			isa = PBXGroup;
			children = (
				43A871C63033C6D300DD35A1 /* FeelGood */,
				43A871D83033C6D600DD35A1 /* FeelGoodTests */,
				43A871E23033C6D600DD35A1 /* FeelGoodUITests */,
				FEE1DA00000000000000000F /* FeelGoodShared */,
				FEE1DA000000000000000003 /* FeelGoodWidget */,
				43A871C53033C6D300DD35A1 /* Products */,
			);
			sourceTree = "<group>";
		};
		43A871C53033C6D300DD35A1 /* Products */ = {
			isa = PBXGroup;
			children = (
				43A871C43033C6D300DD35A1 /* FeelGood.app */,
				43A871D53033C6D600DD35A1 /* FeelGoodTests.xctest */,
				43A871DF3033C6D600DD35A1 /* FeelGoodUITests.xctest */,
				FEE1DA000000000000000002 /* FeelGoodWidget.appex */,
			);
			name = Products;
			sourceTree = "<group>";
		};
/* End PBXGroup section */

/* Begin PBXNativeTarget section */
		43A871C33033C6D300DD35A1 /* FeelGood */ = {
			isa = PBXNativeTarget;
			buildConfigurationList = 43A871E83033C6D600DD35A1 /* Build configuration list for PBXNativeTarget "FeelGood" */;
			buildPhases = (
				43A871C03033C6D300DD35A1 /* Sources */,
				43A871C13033C6D300DD35A1 /* Frameworks */,
				43A871C23033C6D300DD35A1 /* Resources */,
				FEE1DA00000000000000000A /* Embed Foundation Extensions */,
			);
			buildRules = (
			);
			dependencies = (
				FEE1DA00000000000000000C /* PBXTargetDependency */,
			);
			fileSystemSynchronizedGroups = (
				43A871C63033C6D300DD35A1 /* FeelGood */,
				FEE1DA00000000000000000F /* FeelGoodShared */,
			);
			name = FeelGood;
			packageProductDependencies = (
				0A32FDDC7017E56EDD5653CD /* RevenueCat */,
				19EE39390C500A69431EBC30 /* RevenueCatUI */,
				378D96DFB6B72F152DA61DD7 /* Lottie */,
				6714F52D1618CBB4DFFF9BB1 /* MLXLLM */,
				FBDAE7CDB97D8D69D34F4285 /* MLXLMCommon */,
				F4B9B9D464255A3A34A74696 /* HuggingFace */,
				50DCD78BC0A945C5E4F54D34 /* Tokenizers */,
				D58111500000000000000002 /* PostHog */,
			);
			productName = FeelGood;
			productReference = 43A871C43033C6D300DD35A1 /* FeelGood.app */;
			productType = "com.apple.product-type.application";
		};
		43A871D43033C6D600DD35A1 /* FeelGoodTests */ = {
			isa = PBXNativeTarget;
			buildConfigurationList = 43A871ED3033C6D600DD35A1 /* Build configuration list for PBXNativeTarget "FeelGoodTests" */;
			buildPhases = (
				43A871D13033C6D600DD35A1 /* Sources */,
				43A871D23033C6D600DD35A1 /* Frameworks */,
				43A871D33033C6D600DD35A1 /* Resources */,
			);
			buildRules = (
			);
			dependencies = (
				43A871D73033C6D600DD35A1 /* PBXTargetDependency */,
			);
			fileSystemSynchronizedGroups = (
				43A871D83033C6D600DD35A1 /* FeelGoodTests */,
			);
			name = FeelGoodTests;
			productName = FeelGoodTests;
			productReference = 43A871D53033C6D600DD35A1 /* FeelGoodTests.xctest */;
			productType = "com.apple.product-type.bundle.unit-test";
		};
		43A871DE3033C6D600DD35A1 /* FeelGoodUITests */ = {
			isa = PBXNativeTarget;
			buildConfigurationList = 43A871F03033C6D600DD35A1 /* Build configuration list for PBXNativeTarget "FeelGoodUITests" */;
			buildPhases = (
				43A871DB3033C6D600DD35A1 /* Sources */,
				43A871DC3033C6D600DD35A1 /* Frameworks */,
				43A871DD3033C6D600DD35A1 /* Resources */,
			);
			buildRules = (
			);
			dependencies = (
				43A871E13033C6D600DD35A1 /* PBXTargetDependency */,
			);
			fileSystemSynchronizedGroups = (
				43A871E23033C6D600DD35A1 /* FeelGoodUITests */,
			);
			name = FeelGoodUITests;
			productName = FeelGoodUITests;
			productReference = 43A871DF3033C6D600DD35A1 /* FeelGoodUITests.xctest */;
			productType = "com.apple.product-type.bundle.ui-testing";
		};
		FEE1DA000000000000000001 /* FeelGoodWidget */ = {
			isa = PBXNativeTarget;
			buildConfigurationList = FEE1DA000000000000000007 /* Build configuration list for PBXNativeTarget "FeelGoodWidget" */;
			buildPhases = (
				FEE1DA000000000000000004 /* Sources */,
				FEE1DA000000000000000005 /* Frameworks */,
				FEE1DA000000000000000006 /* Resources */,
			);
			buildRules = (
			);
			dependencies = (
			);
			fileSystemSynchronizedGroups = (
				FEE1DA000000000000000003 /* FeelGoodWidget */,
				FEE1DA00000000000000000F /* FeelGoodShared */,
			);
			name = FeelGoodWidget;
			productName = FeelGoodWidget;
			productReference = FEE1DA000000000000000002 /* FeelGoodWidget.appex */;
			productType = "com.apple.product-type.app-extension";
		};
/* End PBXNativeTarget section */

/* Begin PBXProject section */
		43A871BC3033C6D300DD35A1 /* Project object */ = {
			isa = PBXProject;
			attributes = {
				BuildIndependentTargetsInParallel = 1;
				LastSwiftUpdateCheck = 2660;
				LastUpgradeCheck = 2660;
				TargetAttributes = {
					43A871C33033C6D300DD35A1 = {
						CreatedOnToolsVersion = 26.6;
					};
					43A871D43033C6D600DD35A1 = {
						CreatedOnToolsVersion = 26.6;
						TestTargetID = 43A871C33033C6D300DD35A1;
					};
					43A871DE3033C6D600DD35A1 = {
						CreatedOnToolsVersion = 26.6;
						TestTargetID = 43A871C33033C6D300DD35A1;
					};
					FEE1DA000000000000000001 = {
						CreatedOnToolsVersion = 26.6;
					};
				};
			};
			buildConfigurationList = 43A871BF3033C6D300DD35A1 /* Build configuration list for PBXProject "FeelGood" */;
			developmentRegion = en;
			hasScannedForEncodings = 0;
			knownRegions = (
				en,
				Base,
			);
			mainGroup = 43A871BB3033C6D300DD35A1;
			minimizedProjectReferenceProxies = 1;
			packageReferences = (
				22464333FA0C3934CAEB3E3A /* XCRemoteSwiftPackageReference "purchases-ios-spm" */,
				6304E39E099F54A0452D51F7 /* XCRemoteSwiftPackageReference "lottie-ios" */,
				A4140BFEE4A0848749CA06C9 /* XCRemoteSwiftPackageReference "mlx-swift-lm" */,
				9A5155531B928A295DAC6178 /* XCRemoteSwiftPackageReference "swift-huggingface" */,
				E9F0BD562B487BCD8EE1C8A5 /* XCRemoteSwiftPackageReference "swift-transformers" */,
				D58111500000000000000003 /* XCRemoteSwiftPackageReference "posthog-ios" */,
			);
			preferredProjectObjectVersion = 77;
			productRefGroup = 43A871C53033C6D300DD35A1 /* Products */;
			projectDirPath = "";
			projectRoot = "";
			targets = (
				43A871C33033C6D300DD35A1 /* FeelGood */,
				43A871D43033C6D600DD35A1 /* FeelGoodTests */,
				43A871DE3033C6D600DD35A1 /* FeelGoodUITests */,
				FEE1DA000000000000000001 /* FeelGoodWidget */,
			);
		};
/* End PBXProject section */

/* Begin PBXResourcesBuildPhase section */
		43A871C23033C6D300DD35A1 /* Resources */ = {
			isa = PBXResourcesBuildPhase;
			buildActionMask = 2147483647;
			files = (
			);
			runOnlyForDeploymentPostprocessing = 0;
		};
		43A871D33033C6D600DD35A1 /* Resources */ = {
			isa = PBXResourcesBuildPhase;
			buildActionMask = 2147483647;
			files = (
			);
			runOnlyForDeploymentPostprocessing = 0;
		};
		43A871DD3033C6D600DD35A1 /* Resources */ = {
			isa = PBXResourcesBuildPhase;
			buildActionMask = 2147483647;
			files = (
			);
			runOnlyForDeploymentPostprocessing = 0;
		};
		FEE1DA000000000000000006 /* Resources */ = {
			isa = PBXResourcesBuildPhase;
			buildActionMask = 2147483647;
			files = (
			);
			runOnlyForDeploymentPostprocessing = 0;
		};
/* End PBXResourcesBuildPhase section */

/* Begin PBXSourcesBuildPhase section */
		43A871C03033C6D300DD35A1 /* Sources */ = {
			isa = PBXSourcesBuildPhase;
			buildActionMask = 2147483647;
			files = (
			);
			runOnlyForDeploymentPostprocessing = 0;
		};
		43A871D13033C6D600DD35A1 /* Sources */ = {
			isa = PBXSourcesBuildPhase;
			buildActionMask = 2147483647;
			files = (
			);
			runOnlyForDeploymentPostprocessing = 0;
		};
		43A871DB3033C6D600DD35A1 /* Sources */ = {
			isa = PBXSourcesBuildPhase;
			buildActionMask = 2147483647;
			files = (
			);
			runOnlyForDeploymentPostprocessing = 0;
		};
		FEE1DA000000000000000004 /* Sources */ = {
			isa = PBXSourcesBuildPhase;
			buildActionMask = 2147483647;
			files = (
			);
			runOnlyForDeploymentPostprocessing = 0;
		};
/* End PBXSourcesBuildPhase section */

/* Begin PBXTargetDependency section */
		43A871D73033C6D600DD35A1 /* PBXTargetDependency */ = {
			isa = PBXTargetDependency;
			target = 43A871C33033C6D300DD35A1 /* FeelGood */;
			targetProxy = 43A871D63033C6D600DD35A1 /* PBXContainerItemProxy */;
		};
		43A871E13033C6D600DD35A1 /* PBXTargetDependency */ = {
			isa = PBXTargetDependency;
			target = 43A871C33033C6D300DD35A1 /* FeelGood */;
			targetProxy = 43A871E03033C6D600DD35A1 /* PBXContainerItemProxy */;
		};
		FEE1DA00000000000000000C /* PBXTargetDependency */ = {
			isa = PBXTargetDependency;
			target = FEE1DA000000000000000001 /* FeelGoodWidget */;
			targetProxy = FEE1DA00000000000000000D /* PBXContainerItemProxy */;
		};
/* End PBXTargetDependency section */

/* Begin XCBuildConfiguration section */
		43A871E93033C6D600DD35A1 /* Debug */ = {
			isa = XCBuildConfiguration;
			buildSettings = {
				ASSETCATALOG_COMPILER_APPICON_NAME = AppIcon;
				ASSETCATALOG_COMPILER_GLOBAL_ACCENT_COLOR_NAME = AccentColor;
				CODE_SIGN_ENTITLEMENTS = FeelGood/FeelGood.entitlements;
				CODE_SIGN_STYLE = Automatic;
				CURRENT_PROJECT_VERSION = 1;
				DEVELOPMENT_TEAM = 322ZGVD4Z7;
				ENABLE_PREVIEWS = YES;
				GENERATE_INFOPLIST_FILE = YES;
				INFOPLIST_FILE = FeelGood/Info.plist;
				INFOPLIST_KEY_UIApplicationSceneManifest_Generation = YES;
				INFOPLIST_KEY_UIApplicationSupportsIndirectInputEvents = YES;
				INFOPLIST_KEY_UILaunchScreen_Generation = YES;
				INFOPLIST_KEY_UISupportedInterfaceOrientations_iPad = "UIInterfaceOrientationPortrait UIInterfaceOrientationPortraitUpsideDown UIInterfaceOrientationLandscapeLeft UIInterfaceOrientationLandscapeRight";
				INFOPLIST_KEY_UISupportedInterfaceOrientations_iPhone = "UIInterfaceOrientationPortrait UIInterfaceOrientationLandscapeLeft UIInterfaceOrientationLandscapeRight";
				LD_RUNPATH_SEARCH_PATHS = (
					"$(inherited)",
					"@executable_path/Frameworks",
				);
				MARKETING_VERSION = 1.0;
				PRODUCT_BUNDLE_IDENTIFIER = com.ameenamalik.FeelGood;
				PRODUCT_NAME = "$(TARGET_NAME)";
				POSTHOG_HOST = "https://us.i.posthog.com";
				POSTHOG_PROJECT_TOKEN = phc_rgqb5fDVAprLkw9SoJb4XjuwP72WUgREMSYzUEQv373W;
				REVENUECAT_API_KEY = test_MRlNrjVZAqFvmWgDydXvWCeqTbf;
				STRING_CATALOG_GENERATE_SYMBOLS = YES;
				SWIFT_APPROACHABLE_CONCURRENCY = YES;
				SWIFT_DEFAULT_ACTOR_ISOLATION = MainActor;
				SWIFT_EMIT_LOC_STRINGS = YES;
				SWIFT_UPCOMING_FEATURE_MEMBER_IMPORT_VISIBILITY = YES;
				SWIFT_VERSION = 6.0;
				TARGETED_DEVICE_FAMILY = "1,2";
			};
			name = Debug;
		};
		43A871EA3033C6D600DD35A1 /* Release */ = {
			isa = XCBuildConfiguration;
			buildSettings = {
				ASSETCATALOG_COMPILER_APPICON_NAME = AppIcon;
				ASSETCATALOG_COMPILER_GLOBAL_ACCENT_COLOR_NAME = AccentColor;
				CODE_SIGN_ENTITLEMENTS = FeelGood/FeelGood.entitlements;
				CODE_SIGN_STYLE = Automatic;
				CURRENT_PROJECT_VERSION = 1;
				DEVELOPMENT_TEAM = 322ZGVD4Z7;
				ENABLE_PREVIEWS = YES;
				GENERATE_INFOPLIST_FILE = YES;
				INFOPLIST_FILE = FeelGood/Info.plist;
				INFOPLIST_KEY_UIApplicationSceneManifest_Generation = YES;
				INFOPLIST_KEY_UIApplicationSupportsIndirectInputEvents = YES;
				INFOPLIST_KEY_UILaunchScreen_Generation = YES;
				INFOPLIST_KEY_UISupportedInterfaceOrientations_iPad = "UIInterfaceOrientationPortrait UIInterfaceOrientationPortraitUpsideDown UIInterfaceOrientationLandscapeLeft UIInterfaceOrientationLandscapeRight";
				INFOPLIST_KEY_UISupportedInterfaceOrientations_iPhone = "UIInterfaceOrientationPortrait UIInterfaceOrientationLandscapeLeft UIInterfaceOrientationLandscapeRight";
				LD_RUNPATH_SEARCH_PATHS = (
					"$(inherited)",
					"@executable_path/Frameworks",
				);
				MARKETING_VERSION = 1.0;
				PRODUCT_BUNDLE_IDENTIFIER = com.ameenamalik.FeelGood;
				PRODUCT_NAME = "$(TARGET_NAME)";
				POSTHOG_HOST = "https://us.i.posthog.com";
				POSTHOG_PROJECT_TOKEN = phc_rgqb5fDVAprLkw9SoJb4XjuwP72WUgREMSYzUEQv373W;
				REVENUECAT_API_KEY = appl_AKdURUknqfyOgdWzdQfawbHTAOL;
				STRING_CATALOG_GENERATE_SYMBOLS = YES;
				SWIFT_APPROACHABLE_CONCURRENCY = YES;
				SWIFT_DEFAULT_ACTOR_ISOLATION = MainActor;
				SWIFT_EMIT_LOC_STRINGS = YES;
				SWIFT_UPCOMING_FEATURE_MEMBER_IMPORT_VISIBILITY = YES;
				SWIFT_VERSION = 6.0;
				TARGETED_DEVICE_FAMILY = "1,2";
			};
			name = Release;
		};
		43A871EB3033C6D600DD35A1 /* Debug */ = {
			isa = XCBuildConfiguration;
			buildSettings = {
				ALWAYS_SEARCH_USER_PATHS = NO;
				ASSETCATALOG_COMPILER_GENERATE_SWIFT_ASSET_SYMBOL_EXTENSIONS = YES;
				CLANG_ANALYZER_NONNULL = YES;
				CLANG_ANALYZER_NUMBER_OBJECT_CONVERSION = YES_AGGRESSIVE;
				CLANG_CXX_LANGUAGE_STANDARD = "gnu++20";
				CLANG_ENABLE_MODULES = YES;
				CLANG_ENABLE_OBJC_ARC = YES;
				CLANG_ENABLE_OBJC_WEAK = YES;
				CLANG_WARN_BLOCK_CAPTURE_AUTORELEASING = YES;
				CLANG_WARN_BOOL_CONVERSION = YES;
				CLANG_WARN_COMMA = YES;
				CLANG_WARN_CONSTANT_CONVERSION = YES;
				CLANG_WARN_DEPRECATED_OBJC_IMPLEMENTATIONS = YES;
				CLANG_WARN_DIRECT_OBJC_ISA_USAGE = YES_ERROR;
				CLANG_WARN_DOCUMENTATION_COMMENTS = YES;
				CLANG_WARN_EMPTY_BODY = YES;
				CLANG_WARN_ENUM_CONVERSION = YES;
				CLANG_WARN_INFINITE_RECURSION = YES;
				CLANG_WARN_INT_CONVERSION = YES;
				CLANG_WARN_NON_LITERAL_NULL_CONVERSION = YES;
				CLANG_WARN_OBJC_IMPLICIT_RETAIN_SELF = YES;
				CLANG_WARN_OBJC_LITERAL_CONVERSION = YES;
				CLANG_WARN_OBJC_ROOT_CLASS = YES_ERROR;
				CLANG_WARN_QUOTED_INCLUDE_IN_FRAMEWORK_HEADER = YES;
				CLANG_WARN_RANGE_LOOP_ANALYSIS = YES;
				CLANG_WARN_STRICT_PROTOTYPES = YES;
				CLANG_WARN_SUSPICIOUS_MOVE = YES;
				CLANG_WARN_UNGUARDED_AVAILABILITY = YES_AGGRESSIVE;
				CLANG_WARN_UNREACHABLE_CODE = YES;
				CLANG_WARN__DUPLICATE_METHOD_MATCH = YES;
				COPY_PHASE_STRIP = NO;
				DEBUG_INFORMATION_FORMAT = dwarf;
				DEVELOPMENT_TEAM = 322ZGVD4Z7;
				ENABLE_STRICT_OBJC_MSGSEND = YES;
				ENABLE_TESTABILITY = YES;
				ENABLE_USER_SCRIPT_SANDBOXING = YES;
				GCC_C_LANGUAGE_STANDARD = gnu17;
				GCC_DYNAMIC_NO_PIC = NO;
				GCC_NO_COMMON_BLOCKS = YES;
				GCC_OPTIMIZATION_LEVEL = 0;
				GCC_PREPROCESSOR_DEFINITIONS = (
					"DEBUG=1",
					"$(inherited)",
				);
				GCC_WARN_64_TO_32_BIT_CONVERSION = YES;
				GCC_WARN_ABOUT_RETURN_TYPE = YES_ERROR;
				GCC_WARN_UNDECLARED_SELECTOR = YES;
				GCC_WARN_UNINITIALIZED_AUTOS = YES_AGGRESSIVE;
				GCC_WARN_UNUSED_FUNCTION = YES;
				GCC_WARN_UNUSED_VARIABLE = YES;
				IPHONEOS_DEPLOYMENT_TARGET = 18.0;
				LOCALIZATION_PREFERS_STRING_CATALOGS = YES;
				MTL_ENABLE_DEBUG_INFO = INCLUDE_SOURCE;
				MTL_FAST_MATH = YES;
				ONLY_ACTIVE_ARCH = YES;
				SDKROOT = iphoneos;
				SWIFT_ACTIVE_COMPILATION_CONDITIONS = "DEBUG $(inherited)";
				SWIFT_OPTIMIZATION_LEVEL = "-Onone";
			};
			name = Debug;
		};
		43A871EC3033C6D600DD35A1 /* Release */ = {
			isa = XCBuildConfiguration;
			buildSettings = {
				ALWAYS_SEARCH_USER_PATHS = NO;
				ASSETCATALOG_COMPILER_GENERATE_SWIFT_ASSET_SYMBOL_EXTENSIONS = YES;
				CLANG_ANALYZER_NONNULL = YES;
				CLANG_ANALYZER_NUMBER_OBJECT_CONVERSION = YES_AGGRESSIVE;
				CLANG_CXX_LANGUAGE_STANDARD = "gnu++20";
				CLANG_ENABLE_MODULES = YES;
				CLANG_ENABLE_OBJC_ARC = YES;
				CLANG_ENABLE_OBJC_WEAK = YES;
				CLANG_WARN_BLOCK_CAPTURE_AUTORELEASING = YES;
				CLANG_WARN_BOOL_CONVERSION = YES;
				CLANG_WARN_COMMA = YES;
				CLANG_WARN_CONSTANT_CONVERSION = YES;
				CLANG_WARN_DEPRECATED_OBJC_IMPLEMENTATIONS = YES;
				CLANG_WARN_DIRECT_OBJC_ISA_USAGE = YES_ERROR;
				CLANG_WARN_DOCUMENTATION_COMMENTS = YES;
				CLANG_WARN_EMPTY_BODY = YES;
				CLANG_WARN_ENUM_CONVERSION = YES;
				CLANG_WARN_INFINITE_RECURSION = YES;
				CLANG_WARN_INT_CONVERSION = YES;
				CLANG_WARN_NON_LITERAL_NULL_CONVERSION = YES;
				CLANG_WARN_OBJC_IMPLICIT_RETAIN_SELF = YES;
				CLANG_WARN_OBJC_LITERAL_CONVERSION = YES;
				CLANG_WARN_OBJC_ROOT_CLASS = YES_ERROR;
				CLANG_WARN_QUOTED_INCLUDE_IN_FRAMEWORK_HEADER = YES;
				CLANG_WARN_RANGE_LOOP_ANALYSIS = YES;
				CLANG_WARN_STRICT_PROTOTYPES = YES;
				CLANG_WARN_SUSPICIOUS_MOVE = YES;
				CLANG_WARN_UNGUARDED_AVAILABILITY = YES_AGGRESSIVE;
				CLANG_WARN_UNREACHABLE_CODE = YES;
				CLANG_WARN__DUPLICATE_METHOD_MATCH = YES;
				COPY_PHASE_STRIP = NO;
				DEBUG_INFORMATION_FORMAT = "dwarf-with-dsym";
				DEVELOPMENT_TEAM = 322ZGVD4Z7;
				ENABLE_NS_ASSERTIONS = NO;
				ENABLE_STRICT_OBJC_MSGSEND = YES;
				ENABLE_USER_SCRIPT_SANDBOXING = YES;
				GCC_C_LANGUAGE_STANDARD = gnu17;
				GCC_NO_COMMON_BLOCKS = YES;
				GCC_WARN_64_TO_32_BIT_CONVERSION = YES;
				GCC_WARN_ABOUT_RETURN_TYPE = YES_ERROR;
				GCC_WARN_UNDECLARED_SELECTOR = YES;
				GCC_WARN_UNINITIALIZED_AUTOS = YES_AGGRESSIVE;
				GCC_WARN_UNUSED_FUNCTION = YES;
				GCC_WARN_UNUSED_VARIABLE = YES;
				IPHONEOS_DEPLOYMENT_TARGET = 18.0;
				LOCALIZATION_PREFERS_STRING_CATALOGS = YES;
				MTL_ENABLE_DEBUG_INFO = NO;
				MTL_FAST_MATH = YES;
				SDKROOT = iphoneos;
				SWIFT_COMPILATION_MODE = wholemodule;
				VALIDATE_PRODUCT = YES;
			};
			name = Release;
		};
		43A871EE3033C6D600DD35A1 /* Debug */ = {
			isa = XCBuildConfiguration;
			buildSettings = {
				BUNDLE_LOADER = "$(TEST_HOST)";
				CODE_SIGN_STYLE = Automatic;
				CURRENT_PROJECT_VERSION = 1;
				DEVELOPMENT_TEAM = 322ZGVD4Z7;
				GENERATE_INFOPLIST_FILE = YES;
				IPHONEOS_DEPLOYMENT_TARGET = 18.0;
				MARKETING_VERSION = 1.0;
				PRODUCT_BUNDLE_IDENTIFIER = com.ameenamalik.FeelGoodTests;
				PRODUCT_NAME = "$(TARGET_NAME)";
				STRING_CATALOG_GENERATE_SYMBOLS = NO;
				SWIFT_APPROACHABLE_CONCURRENCY = YES;
				SWIFT_EMIT_LOC_STRINGS = NO;
				SWIFT_UPCOMING_FEATURE_MEMBER_IMPORT_VISIBILITY = YES;
				SWIFT_VERSION = 6.0;
				TARGETED_DEVICE_FAMILY = "1,2";
				TEST_HOST = "$(BUILT_PRODUCTS_DIR)/FeelGood.app/$(BUNDLE_EXECUTABLE_FOLDER_PATH)/FeelGood";
			};
			name = Debug;
		};
		43A871EF3033C6D600DD35A1 /* Release */ = {
			isa = XCBuildConfiguration;
			buildSettings = {
				BUNDLE_LOADER = "$(TEST_HOST)";
				CODE_SIGN_STYLE = Automatic;
				CURRENT_PROJECT_VERSION = 1;
				DEVELOPMENT_TEAM = 322ZGVD4Z7;
				GENERATE_INFOPLIST_FILE = YES;
				IPHONEOS_DEPLOYMENT_TARGET = 18.0;
				MARKETING_VERSION = 1.0;
				PRODUCT_BUNDLE_IDENTIFIER = com.ameenamalik.FeelGoodTests;
				PRODUCT_NAME = "$(TARGET_NAME)";
				STRING_CATALOG_GENERATE_SYMBOLS = NO;
				SWIFT_APPROACHABLE_CONCURRENCY = YES;
				SWIFT_EMIT_LOC_STRINGS = NO;
				SWIFT_UPCOMING_FEATURE_MEMBER_IMPORT_VISIBILITY = YES;
				SWIFT_VERSION = 6.0;
				TARGETED_DEVICE_FAMILY = "1,2";
				TEST_HOST = "$(BUILT_PRODUCTS_DIR)/FeelGood.app/$(BUNDLE_EXECUTABLE_FOLDER_PATH)/FeelGood";
			};
			name = Release;
		};
		43A871F13033C6D600DD35A1 /* Debug */ = {
			isa = XCBuildConfiguration;
			buildSettings = {
				CODE_SIGN_STYLE = Automatic;
				CURRENT_PROJECT_VERSION = 1;
				DEVELOPMENT_TEAM = 322ZGVD4Z7;
				GENERATE_INFOPLIST_FILE = YES;
				MARKETING_VERSION = 1.0;
				PRODUCT_BUNDLE_IDENTIFIER = com.ameenamalik.FeelGoodUITests;
				PRODUCT_NAME = "$(TARGET_NAME)";
				STRING_CATALOG_GENERATE_SYMBOLS = NO;
				SWIFT_APPROACHABLE_CONCURRENCY = YES;
				SWIFT_EMIT_LOC_STRINGS = NO;
				SWIFT_UPCOMING_FEATURE_MEMBER_IMPORT_VISIBILITY = YES;
				SWIFT_VERSION = 6.0;
				TARGETED_DEVICE_FAMILY = "1,2";
				TEST_TARGET_NAME = FeelGood;
			};
			name = Debug;
		};
		43A871F23033C6D600DD35A1 /* Release */ = {
			isa = XCBuildConfiguration;
			buildSettings = {
				CODE_SIGN_STYLE = Automatic;
				CURRENT_PROJECT_VERSION = 1;
				DEVELOPMENT_TEAM = 322ZGVD4Z7;
				GENERATE_INFOPLIST_FILE = YES;
				MARKETING_VERSION = 1.0;
				PRODUCT_BUNDLE_IDENTIFIER = com.ameenamalik.FeelGoodUITests;
				PRODUCT_NAME = "$(TARGET_NAME)";
				STRING_CATALOG_GENERATE_SYMBOLS = NO;
				SWIFT_APPROACHABLE_CONCURRENCY = YES;
				SWIFT_EMIT_LOC_STRINGS = NO;
				SWIFT_UPCOMING_FEATURE_MEMBER_IMPORT_VISIBILITY = YES;
				SWIFT_VERSION = 6.0;
				TARGETED_DEVICE_FAMILY = "1,2";
				TEST_TARGET_NAME = FeelGood;
			};
			name = Release;
		};
		FEE1DA000000000000000008 /* Debug */ = {
			isa = XCBuildConfiguration;
			buildSettings = {
				CLANG_ENABLE_MODULES = YES;
				CODE_SIGN_ENTITLEMENTS = FeelGoodWidget/FeelGoodWidget.entitlements;
				CODE_SIGN_STYLE = Automatic;
				CURRENT_PROJECT_VERSION = 1;
				DEVELOPMENT_TEAM = 322ZGVD4Z7;
				GENERATE_INFOPLIST_FILE = YES;
				INFOPLIST_FILE = FeelGoodWidget/Info.plist;
				INFOPLIST_KEY_CFBundleDisplayName = FeelGood;
				INFOPLIST_KEY_NSHumanReadableCopyright = "";
				IPHONEOS_DEPLOYMENT_TARGET = 18.0;
				LD_RUNPATH_SEARCH_PATHS = (
					"$(inherited)",
					"@executable_path/Frameworks",
					"@executable_path/../../Frameworks",
				);
				MARKETING_VERSION = 1.0;
				PRODUCT_BUNDLE_IDENTIFIER = com.ameenamalik.FeelGood.FeelGoodWidget;
				PRODUCT_NAME = "$(TARGET_NAME)";
				SKIP_INSTALL = YES;
				SWIFT_DEFAULT_ACTOR_ISOLATION = MainActor;
				SWIFT_EMIT_LOC_STRINGS = YES;
				SWIFT_VERSION = 5.0;
				TARGETED_DEVICE_FAMILY = "1,2";
			};
			name = Debug;
		};
		FEE1DA000000000000000009 /* Release */ = {
			isa = XCBuildConfiguration;
			buildSettings = {
				CLANG_ENABLE_MODULES = YES;
				CODE_SIGN_ENTITLEMENTS = FeelGoodWidget/FeelGoodWidget.entitlements;
				CODE_SIGN_STYLE = Automatic;
				CURRENT_PROJECT_VERSION = 1;
				DEVELOPMENT_TEAM = 322ZGVD4Z7;
				GENERATE_INFOPLIST_FILE = YES;
				INFOPLIST_FILE = FeelGoodWidget/Info.plist;
				INFOPLIST_KEY_CFBundleDisplayName = FeelGood;
				INFOPLIST_KEY_NSHumanReadableCopyright = "";
				IPHONEOS_DEPLOYMENT_TARGET = 18.0;
				LD_RUNPATH_SEARCH_PATHS = (
					"$(inherited)",
					"@executable_path/Frameworks",
					"@executable_path/../../Frameworks",
				);
				MARKETING_VERSION = 1.0;
				PRODUCT_BUNDLE_IDENTIFIER = com.ameenamalik.FeelGood.FeelGoodWidget;
				PRODUCT_NAME = "$(TARGET_NAME)";
				SKIP_INSTALL = YES;
				SWIFT_DEFAULT_ACTOR_ISOLATION = MainActor;
				SWIFT_EMIT_LOC_STRINGS = YES;
				SWIFT_VERSION = 5.0;
				TARGETED_DEVICE_FAMILY = "1,2";
			};
			name = Release;
		};
/* End XCBuildConfiguration section */

/* Begin XCConfigurationList section */
		43A871BF3033C6D300DD35A1 /* Build configuration list for PBXProject "FeelGood" */ = {
			isa = XCConfigurationList;
			buildConfigurations = (
				43A871EB3033C6D600DD35A1 /* Debug */,
				43A871EC3033C6D600DD35A1 /* Release */,
			);
			defaultConfigurationIsVisible = 0;
			defaultConfigurationName = Release;
		};
		43A871E83033C6D600DD35A1 /* Build configuration list for PBXNativeTarget "FeelGood" */ = {
			isa = XCConfigurationList;
			buildConfigurations = (
				43A871E93033C6D600DD35A1 /* Debug */,
				43A871EA3033C6D600DD35A1 /* Release */,
			);
			defaultConfigurationIsVisible = 0;
			defaultConfigurationName = Release;
		};
		43A871ED3033C6D600DD35A1 /* Build configuration list for PBXNativeTarget "FeelGoodTests" */ = {
			isa = XCConfigurationList;
			buildConfigurations = (
				43A871EE3033C6D600DD35A1 /* Debug */,
				43A871EF3033C6D600DD35A1 /* Release */,
			);
			defaultConfigurationIsVisible = 0;
			defaultConfigurationName = Release;
		};
		43A871F03033C6D600DD35A1 /* Build configuration list for PBXNativeTarget "FeelGoodUITests" */ = {
			isa = XCConfigurationList;
			buildConfigurations = (
				43A871F13033C6D600DD35A1 /* Debug */,
				43A871F23033C6D600DD35A1 /* Release */,
			);
			defaultConfigurationIsVisible = 0;
			defaultConfigurationName = Release;
		};
		FEE1DA000000000000000007 /* Build configuration list for PBXNativeTarget "FeelGoodWidget" */ = {
			isa = XCConfigurationList;
			buildConfigurations = (
				FEE1DA000000000000000008 /* Debug */,
				FEE1DA000000000000000009 /* Release */,
			);
			defaultConfigurationIsVisible = 0;
			defaultConfigurationName = Release;
		};
/* End XCConfigurationList section */

/* Begin XCRemoteSwiftPackageReference section */
		22464333FA0C3934CAEB3E3A /* XCRemoteSwiftPackageReference "purchases-ios-spm" */ = {
			isa = XCRemoteSwiftPackageReference;
			repositoryURL = "https://github.com/RevenueCat/purchases-ios-spm.git";
			requirement = {
				kind = upToNextMajorVersion;
				minimumVersion = 5.0.0;
			};
		};
		6304E39E099F54A0452D51F7 /* XCRemoteSwiftPackageReference "lottie-ios" */ = {
			isa = XCRemoteSwiftPackageReference;
			repositoryURL = "https://github.com/airbnb/lottie-ios.git";
			requirement = {
				kind = upToNextMajorVersion;
				minimumVersion = 4.4.0;
			};
		};
		9A5155531B928A295DAC6178 /* XCRemoteSwiftPackageReference "swift-huggingface" */ = {
			isa = XCRemoteSwiftPackageReference;
			repositoryURL = "https://github.com/huggingface/swift-huggingface";
			requirement = {
				kind = upToNextMajorVersion;
				minimumVersion = 0.9.0;
			};
		};
		A4140BFEE4A0848749CA06C9 /* XCRemoteSwiftPackageReference "mlx-swift-lm" */ = {
			isa = XCRemoteSwiftPackageReference;
			repositoryURL = "https://github.com/ml-explore/mlx-swift-lm";
			requirement = {
				kind = upToNextMajorVersion;
				minimumVersion = 3.31.3;
			};
		};
		D58111500000000000000003 /* XCRemoteSwiftPackageReference "posthog-ios" */ = {
			isa = XCRemoteSwiftPackageReference;
			repositoryURL = "https://github.com/PostHog/posthog-ios.git";
			requirement = {
				kind = upToNextMajorVersion;
				minimumVersion = 3.59.3;
			};
		};
		E9F0BD562B487BCD8EE1C8A5 /* XCRemoteSwiftPackageReference "swift-transformers" */ = {
			isa = XCRemoteSwiftPackageReference;
			repositoryURL = "https://github.com/huggingface/swift-transformers";
			requirement = {
				kind = upToNextMajorVersion;
				minimumVersion = 1.3.0;
			};
		};
/* End XCRemoteSwiftPackageReference section */

/* Begin XCSwiftPackageProductDependency section */
		0A32FDDC7017E56EDD5653CD /* RevenueCat */ = {
			isa = XCSwiftPackageProductDependency;
			package = 22464333FA0C3934CAEB3E3A /* XCRemoteSwiftPackageReference "purchases-ios-spm" */;
			productName = RevenueCat;
		};
		19EE39390C500A69431EBC30 /* RevenueCatUI */ = {
			isa = XCSwiftPackageProductDependency;
			package = 22464333FA0C3934CAEB3E3A /* XCRemoteSwiftPackageReference "purchases-ios-spm" */;
			productName = RevenueCatUI;
		};
		378D96DFB6B72F152DA61DD7 /* Lottie */ = {
			isa = XCSwiftPackageProductDependency;
			package = 6304E39E099F54A0452D51F7 /* XCRemoteSwiftPackageReference "lottie-ios" */;
			productName = Lottie;
		};
		50DCD78BC0A945C5E4F54D34 /* Tokenizers */ = {
			isa = XCSwiftPackageProductDependency;
			package = E9F0BD562B487BCD8EE1C8A5 /* XCRemoteSwiftPackageReference "swift-transformers" */;
			productName = Tokenizers;
		};
		6714F52D1618CBB4DFFF9BB1 /* MLXLLM */ = {
			isa = XCSwiftPackageProductDependency;
			package = A4140BFEE4A0848749CA06C9 /* XCRemoteSwiftPackageReference "mlx-swift-lm" */;
			productName = MLXLLM;
		};
		F4B9B9D464255A3A34A74696 /* HuggingFace */ = {
			isa = XCSwiftPackageProductDependency;
			package = 9A5155531B928A295DAC6178 /* XCRemoteSwiftPackageReference "swift-huggingface" */;
			productName = HuggingFace;
		};
		FBDAE7CDB97D8D69D34F4285 /* MLXLMCommon */ = {
			isa = XCSwiftPackageProductDependency;
			package = A4140BFEE4A0848749CA06C9 /* XCRemoteSwiftPackageReference "mlx-swift-lm" */;
			productName = MLXLMCommon;
		};
		D58111500000000000000002 /* PostHog */ = {
			isa = XCSwiftPackageProductDependency;
			package = D58111500000000000000003 /* XCRemoteSwiftPackageReference "posthog-ios" */;
			productName = PostHog;
		};
/* End XCSwiftPackageProductDependency section */
	};
	rootObject = 43A871BC3033C6D300DD35A1 /* Project object */;
}
